// !$*UTF8*$!
{
	archiveVersion = 1;
	classes = {
	};
	objectVersion = 56;
	objects = {

/* Begin PBXBuildFile section */
		334BC5102A6AE29D00AD0269 /* RoundedCornerShape.swift in Sources */ = {isa = PBXBuildFile; fileRef = 334BC50F2A6AE29D00AD0269 /* RoundedCornerShape.swift */; };
		334BC5132A6AE3CA00AD0269 /* MatchTimeView.swift in Sources */ = {isa = PBXBuildFile; fileRef = 334BC5122A6AE3CA00AD0269 /* MatchTimeView.swift */; };
		334BC5152A6AE3E300AD0269 /* ViewExtension.swift in Sources */ = {isa = PBXBuildFile; fileRef = 334BC5142A6AE3E300AD0269 /* ViewExtension.swift */; };
		3368FD512A6A3FEE000FED0C /* RoundedShapeView.swift in Sources */ = {isa = PBXBuildFile; fileRef = 3368FD502A6A3FEE000FED0C /* RoundedShapeView.swift */; };
		3368FD532A6A48B0000FED0C /* TeamsContainerView.swift in Sources */ = {isa = PBXBuildFile; fileRef = 3368FD522A6A48B0000FED0C /* TeamsContainerView.swift */; };
		3368FD552A6A4BC1000FED0C /* TeamView.swift in Sources */ = {isa = PBXBuildFile; fileRef = 3368FD542A6A4BC1000FED0C /* TeamView.swift */; };
		3368FD572A6A4D3B000FED0C /* MatchCardView.swift in Sources */ = {isa = PBXBuildFile; fileRef = 3368FD562A6A4D3B000FED0C /* MatchCardView.swift */; };
		3368FD592A6A5578000FED0C /* LeagueContainerView.swift in Sources */ = {isa = PBXBuildFile; fileRef = 3368FD582A6A5578000FED0C /* LeagueContainerView.swift */; };
		33C9EB902A6A2C8C000D44D6 /* ColorPalette.swift in Sources */ = {isa = PBXBuildFile; fileRef = 33C9EB8F2A6A2C8C000D44D6 /* ColorPalette.swift */; };
		33C9EB932A6A3614000D44D6 /* ColorExtension.swift in Sources */ = {isa = PBXBuildFile; fileRef = 33C9EB922A6A3614000D44D6 /* ColorExtension.swift */; };
		33F5A0192A6A045700123EB9 /* CSTVApp.swift in Sources */ = {isa = PBXBuildFile; fileRef = 33F5A0182A6A045700123EB9 /* CSTVApp.swift */; };
		33F5A01B2A6A045700123EB9 /* MainAppView.swift in Sources */ = {isa = PBXBuildFile; fileRef = 33F5A01A2A6A045700123EB9 /* MainAppView.swift */; };
		33F5A01D2A6A045900123EB9 /* Assets.xcassets in Resources */ = {isa = PBXBuildFile; fileRef = 33F5A01C2A6A045900123EB9 /* Assets.xcassets */; };
		33F5A02D2A6A21F400123EB9 /* MatchesListScreen.swift in Sources */ = {isa = PBXBuildFile; fileRef = 33F5A02C2A6A21F400123EB9 /* MatchesListScreen.swift */; };
		33F5A02F2A6A220900123EB9 /* SplashScreen.swift in Sources */ = {isa = PBXBuildFile; fileRef = 33F5A02E2A6A220900123EB9 /* SplashScreen.swift */; };
		33F5A0312A6A226E00123EB9 /* MatchDetailScreen.swift in Sources */ = {isa = PBXBuildFile; fileRef = 33F5A0302A6A226E00123EB9 /* MatchDetailScreen.swift */; };
		33FAF5E62A6B1DE800F8325F /* PlayerCardView.swift in Sources */ = {isa = PBXBuildFile; fileRef = 33FAF5E52A6B1DE800F8325F /* PlayerCardView.swift */; };
		33FAF5E82A6B377E00F8325F /* PlayersCardsListView.swift in Sources */ = {isa = PBXBuildFile; fileRef = 33FAF5E72A6B377E00F8325F /* PlayersCardsListView.swift */; };
		33FAF5EA2A6B3A2100F8325F /* Player.swift in Sources */ = {isa = PBXBuildFile; fileRef = 33FAF5E92A6B3A2100F8325F /* Player.swift */; };
/* End PBXBuildFile section */

/* Begin PBXFileReference section */
		334BC50F2A6AE29D00AD0269 /* RoundedCornerShape.swift */ = {isa = PBXFileReference; lastKnownFileType = sourcecode.swift; path = RoundedCornerShape.swift; sourceTree = "<group>"; };
		334BC5122A6AE3CA00AD0269 /* MatchTimeView.swift */ = {isa = PBXFileReference; lastKnownFileType = sourcecode.swift; path = MatchTimeView.swift; sourceTree = "<group>"; };
		334BC5142A6AE3E300AD0269 /* ViewExtension.swift */ = {isa = PBXFileReference; lastKnownFileType = sourcecode.swift; path = ViewExtension.swift; sourceTree = "<group>"; };
		3368FD502A6A3FEE000FED0C /* RoundedShapeView.swift */ = {isa = PBXFileReference; lastKnownFileType = sourcecode.swift; path = RoundedShapeView.swift; sourceTree = "<group>"; };
		3368FD522A6A48B0000FED0C /* TeamsContainerView.swift */ = {isa = PBXFileReference; lastKnownFileType = sourcecode.swift; path = TeamsContainerView.swift; sourceTree = "<group>"; };
		3368FD542A6A4BC1000FED0C /* TeamView.swift */ = {isa = PBXFileReference; lastKnownFileType = sourcecode.swift; path = TeamView.swift; sourceTree = "<group>"; };
		3368FD562A6A4D3B000FED0C /* MatchCardView.swift */ = {isa = PBXFileReference; lastKnownFileType = sourcecode.swift; path = MatchCardView.swift; sourceTree = "<group>"; };
		3368FD582A6A5578000FED0C /* LeagueContainerView.swift */ = {isa = PBXFileReference; lastKnownFileType = sourcecode.swift; path = LeagueContainerView.swift; sourceTree = "<group>"; };
		33C9EB8F2A6A2C8C000D44D6 /* ColorPalette.swift */ = {isa = PBXFileReference; lastKnownFileType = sourcecode.swift; path = ColorPalette.swift; sourceTree = "<group>"; };
		33C9EB922A6A3614000D44D6 /* ColorExtension.swift */ = {isa = PBXFileReference; lastKnownFileType = sourcecode.swift; path = ColorExtension.swift; sourceTree = "<group>"; };
		33F5A0152A6A045700123EB9 /* CSTV.app */ = {isa = PBXFileReference; explicitFileType = wrapper.application; includeInIndex = 0; path = CSTV.app; sourceTree = BUILT_PRODUCTS_DIR; };
		33F5A0182A6A045700123EB9 /* CSTVApp.swift */ = {isa = PBXFileReference; lastKnownFileType = sourcecode.swift; path = CSTVApp.swift; sourceTree = "<group>"; };
		33F5A01A2A6A045700123EB9 /* MainAppView.swift */ = {isa = PBXFileReference; lastKnownFileType = sourcecode.swift; path = MainAppView.swift; sourceTree = "<group>"; };
		33F5A01C2A6A045900123EB9 /* Assets.xcassets */ = {isa = PBXFileReference; lastKnownFileType = folder.assetcatalog; path = Assets.xcassets; sourceTree = "<group>"; };
		33F5A02C2A6A21F400123EB9 /* MatchesListScreen.swift */ = {isa = PBXFileReference; lastKnownFileType = sourcecode.swift; path = MatchesListScreen.swift; sourceTree = "<group>"; };
		33F5A02E2A6A220900123EB9 /* SplashScreen.swift */ = {isa = PBXFileReference; lastKnownFileType = sourcecode.swift; path = SplashScreen.swift; sourceTree = "<group>"; };
		33F5A0302A6A226E00123EB9 /* MatchDetailScreen.swift */ = {isa = PBXFileReference; lastKnownFileType = sourcecode.swift; path = MatchDetailScreen.swift; sourceTree = "<group>"; };
		33FAF5E52A6B1DE800F8325F /* PlayerCardView.swift */ = {isa = PBXFileReference; lastKnownFileType = sourcecode.swift; path = PlayerCardView.swift; sourceTree = "<group>"; };
		33FAF5E72A6B377E00F8325F /* PlayersCardsListView.swift */ = {isa = PBXFileReference; lastKnownFileType = sourcecode.swift; path = PlayersCardsListView.swift; sourceTree = "<group>"; };
		33FAF5E92A6B3A2100F8325F /* Player.swift */ = {isa = PBXFileReference; lastKnownFileType = sourcecode.swift; path = Player.swift; sourceTree = "<group>"; };
/* End PBXFileReference section */

/* Begin PBXFrameworksBuildPhase section */
		33F5A0122A6A045700123EB9 /* Frameworks */ = {
			isa = PBXFrameworksBuildPhase;
			buildActionMask = 2147483647;
			files = (
			);
			runOnlyForDeploymentPostprocessing = 0;
		};
/* End PBXFrameworksBuildPhase section */

/* Begin PBXGroup section */
		334BC5112A6AE31200AD0269 /* Shapes */ = {
			isa = PBXGroup;
			children = (
				334BC50F2A6AE29D00AD0269 /* RoundedCornerShape.swift */,
				3368FD502A6A3FEE000FED0C /* RoundedShapeView.swift */,
			);
			path = Shapes;
			sourceTree = "<group>";
		};
		33C9EB912A6A35C5000D44D6 /* Extensions */ = {
			isa = PBXGroup;
			children = (
				33C9EB922A6A3614000D44D6 /* ColorExtension.swift */,
				334BC5142A6AE3E300AD0269 /* ViewExtension.swift */,
			);
			path = Extensions;
			sourceTree = "<group>";
		};
		33F5A00C2A6A045700123EB9 = {
			isa = PBXGroup;
			children = (
				33F5A0172A6A045700123EB9 /* CSTV */,
				33F5A0162A6A045700123EB9 /* Products */,
			);
			sourceTree = "<group>";
		};
		33F5A0162A6A045700123EB9 /* Products */ = {
			isa = PBXGroup;
			children = (
				33F5A0152A6A045700123EB9 /* CSTV.app */,
			);
			name = Products;
			sourceTree = "<group>";
		};
		33F5A0172A6A045700123EB9 /* CSTV */ = {
			isa = PBXGroup;
			children = (
				33F5A0262A6A14D400123EB9 /* Application */,
				33C9EB912A6A35C5000D44D6 /* Extensions */,
				33F5A02B2A6A166900123EB9 /* Models */,
				33F5A0272A6A153D00123EB9 /* ViewModels */,
				33F5A0282A6A15D300123EB9 /* Views */,
			);
			path = CSTV;
			sourceTree = "<group>";
		};
		33F5A0262A6A14D400123EB9 /* Application */ = {
			isa = PBXGroup;
			children = (
				33F5A02A2A6A162000123EB9 /* Resources */,
				33F5A0182A6A045700123EB9 /* CSTVApp.swift */,
			);
			path = Application;
			sourceTree = "<group>";
		};
		33F5A0272A6A153D00123EB9 /* ViewModels */ = {
			isa = PBXGroup;
			children = (
			);
			path = ViewModels;
			sourceTree = "<group>";
		};
		33F5A0282A6A15D300123EB9 /* Views */ = {
			isa = PBXGroup;
			children = (
				33F5A0292A6A15EB00123EB9 /* ViewComponents */,
				33F5A01A2A6A045700123EB9 /* MainAppView.swift */,
				33F5A02C2A6A21F400123EB9 /* MatchesListScreen.swift */,
				33F5A02E2A6A220900123EB9 /* SplashScreen.swift */,
				33F5A0302A6A226E00123EB9 /* MatchDetailScreen.swift */,
			);
			path = Views;
			sourceTree = "<group>";
		};
		33F5A0292A6A15EB00123EB9 /* ViewComponents */ = {
			isa = PBXGroup;
			children = (
				334BC5112A6AE31200AD0269 /* Shapes */,
				3368FD542A6A4BC1000FED0C /* TeamView.swift */,
				3368FD522A6A48B0000FED0C /* TeamsContainerView.swift */,
				3368FD562A6A4D3B000FED0C /* MatchCardView.swift */,
				3368FD582A6A5578000FED0C /* LeagueContainerView.swift */,
				334BC5122A6AE3CA00AD0269 /* MatchTimeView.swift */,
				33FAF5E52A6B1DE800F8325F /* PlayerCardView.swift */,
				33FAF5E72A6B377E00F8325F /* PlayersCardsListView.swift */,
			);
			path = ViewComponents;
			sourceTree = "<group>";
		};
		33F5A02A2A6A162000123EB9 /* Resources */ = {
			isa = PBXGroup;
			children = (
				33F5A01C2A6A045900123EB9 /* Assets.xcassets */,
				33C9EB8F2A6A2C8C000D44D6 /* ColorPalette.swift */,
			);
			path = Resources;
			sourceTree = "<group>";
		};
		33F5A02B2A6A166900123EB9 /* Models */ = {
			isa = PBXGroup;
			children = (
				33FAF5E92A6B3A2100F8325F /* Player.swift */,
			);
			path = Models;
			sourceTree = "<group>";
		};
/* End PBXGroup section */

/* Begin PBXNativeTarget section */
		33F5A0142A6A045700123EB9 /* CSTV */ = {
			isa = PBXNativeTarget;
			buildConfigurationList = 33F5A0232A6A045900123EB9 /* Build configuration list for PBXNativeTarget "CSTV" */;
			buildPhases = (
				33F5A0112A6A045700123EB9 /* Sources */,
				33F5A0122A6A045700123EB9 /* Frameworks */,
				33F5A0132A6A045700123EB9 /* Resources */,
			);
			buildRules = (
			);
			dependencies = (
			);
			name = CSTV;
			productName = CSTV;
			productReference = 33F5A0152A6A045700123EB9 /* CSTV.app */;
			productType = "com.apple.product-type.application";
		};
/* End PBXNativeTarget section */

/* Begin PBXProject section */
		33F5A00D2A6A045700123EB9 /* Project object */ = {
			isa = PBXProject;
			attributes = {
				BuildIndependentTargetsInParallel = 1;
				LastSwiftUpdateCheck = 1410;
				LastUpgradeCheck = 1410;
				TargetAttributes = {
					33F5A0142A6A045700123EB9 = {
						CreatedOnToolsVersion = 14.1;
					};
				};
			};
			buildConfigurationList = 33F5A0102A6A045700123EB9 /* Build configuration list for PBXProject "CSTV" */;
			compatibilityVersion = "Xcode 14.0";
			developmentRegion = en;
			hasScannedForEncodings = 0;
			knownRegions = (
				en,
				Base,
			);
			mainGroup = 33F5A00C2A6A045700123EB9;
			productRefGroup = 33F5A0162A6A045700123EB9 /* Products */;
			projectDirPath = "";
			projectRoot = "";
			targets = (
				33F5A0142A6A045700123EB9 /* CSTV */,
			);
		};
/* End PBXProject section */

/* Begin PBXResourcesBuildPhase section */
		33F5A0132A6A045700123EB9 /* Resources */ = {
			isa = PBXResourcesBuildPhase;
			buildActionMask = 2147483647;
			files = (
				33F5A01D2A6A045900123EB9 /* Assets.xcassets in Resources */,
			);
			runOnlyForDeploymentPostprocessing = 0;
		};
/* End PBXResourcesBuildPhase section */

/* Begin PBXSourcesBuildPhase section */
		33F5A0112A6A045700123EB9 /* Sources */ = {
			isa = PBXSourcesBuildPhase;
			buildActionMask = 2147483647;
			files = (
				33F5A01B2A6A045700123EB9 /* MainAppView.swift in Sources */,
				33FAF5E62A6B1DE800F8325F /* PlayerCardView.swift in Sources */,
				3368FD532A6A48B0000FED0C /* TeamsContainerView.swift in Sources */,
				33F5A02D2A6A21F400123EB9 /* MatchesListScreen.swift in Sources */,
				33F5A0312A6A226E00123EB9 /* MatchDetailScreen.swift in Sources */,
				33F5A0192A6A045700123EB9 /* CSTVApp.swift in Sources */,
				3368FD592A6A5578000FED0C /* LeagueContainerView.swift in Sources */,
				33FAF5E82A6B377E00F8325F /* PlayersCardsListView.swift in Sources */,
				334BC5102A6AE29D00AD0269 /* RoundedCornerShape.swift in Sources */,
				33F5A02F2A6A220900123EB9 /* SplashScreen.swift in Sources */,
				33C9EB932A6A3614000D44D6 /* ColorExtension.swift in Sources */,
				334BC5152A6AE3E300AD0269 /* ViewExtension.swift in Sources */,
				334BC5132A6AE3CA00AD0269 /* MatchTimeView.swift in Sources */,
				3368FD552A6A4BC1000FED0C /* TeamView.swift in Sources */,
				3368FD512A6A3FEE000FED0C /* RoundedShapeView.swift in Sources */,
				33C9EB902A6A2C8C000D44D6 /* ColorPalette.swift in Sources */,
				33FAF5EA2A6B3A2100F8325F /* Player.swift in Sources */,
				3368FD572A6A4D3B000FED0C /* MatchCardView.swift in Sources */,
			);
			runOnlyForDeploymentPostprocessing = 0;
		};
/* End PBXSourcesBuildPhase section */

/* Begin XCBuildConfiguration section */
		33F5A0212A6A045900123EB9 /* Debug */ = {
			isa = XCBuildConfiguration;
			buildSettings = {
				ALWAYS_SEARCH_USER_PATHS = NO;
				CLANG_ANALYZER_NONNULL = YES;
				CLANG_ANALYZER_NUMBER_OBJECT_CONVERSION = YES_AGGRESSIVE;
				CLANG_CXX_LANGUAGE_STANDARD = "gnu++20";
				CLANG_ENABLE_MODULES = YES;
				CLANG_ENABLE_OBJC_ARC = YES;
				CLANG_ENABLE_OBJC_WEAK = YES;
				CLANG_WARN_BLOCK_CAPTURE_AUTORELEASING = YES;
				CLANG_WARN_BOOL_CONVERSION = YES;
				CLANG_WARN_COMMA = YES;
				CLANG_WARN_CONSTANT_CONVERSION = YES;
				CLANG_WARN_DEPRECATED_OBJC_IMPLEMENTATIONS = YES;
				CLANG_WARN_DIRECT_OBJC_ISA_USAGE = YES_ERROR;
				CLANG_WARN_DOCUMENTATION_COMMENTS = YES;
				CLANG_WARN_EMPTY_BODY = YES;
				CLANG_WARN_ENUM_CONVERSION = YES;
				CLANG_WARN_INFINITE_RECURSION = YES;
				CLANG_WARN_INT_CONVERSION = YES;
				CLANG_WARN_NON_LITERAL_NULL_CONVERSION = YES;
				CLANG_WARN_OBJC_IMPLICIT_RETAIN_SELF = YES;
				CLANG_WARN_OBJC_LITERAL_CONVERSION = YES;
				CLANG_WARN_OBJC_ROOT_CLASS = YES_ERROR;
				CLANG_WARN_QUOTED_INCLUDE_IN_FRAMEWORK_HEADER = YES;
				CLANG_WARN_RANGE_LOOP_ANALYSIS = YES;
				CLANG_WARN_STRICT_PROTOTYPES = YES;
				CLANG_WARN_SUSPICIOUS_MOVE = YES;
				CLANG_WARN_UNGUARDED_AVAILABILITY = YES_AGGRESSIVE;
				CLANG_WARN_UNREACHABLE_CODE = YES;
				CLANG_WARN__DUPLICATE_METHOD_MATCH = YES;
				COPY_PHASE_STRIP = NO;
				DEBUG_INFORMATION_FORMAT = dwarf;
				ENABLE_STRICT_OBJC_MSGSEND = YES;
				ENABLE_TESTABILITY = YES;
				GCC_C_LANGUAGE_STANDARD = gnu11;
				GCC_DYNAMIC_NO_PIC = NO;
				GCC_NO_COMMON_BLOCKS = YES;
				GCC_OPTIMIZATION_LEVEL = 0;
				GCC_PREPROCESSOR_DEFINITIONS = (
					"DEBUG=1",
					"$(inherited)",
				);
				GCC_WARN_64_TO_32_BIT_CONVERSION = YES;
				GCC_WARN_ABOUT_RETURN_TYPE = YES_ERROR;
				GCC_WARN_UNDECLARED_SELECTOR = YES;
				GCC_WARN_UNINITIALIZED_AUTOS = YES_AGGRESSIVE;
				GCC_WARN_UNUSED_FUNCTION = YES;
				GCC_WARN_UNUSED_VARIABLE = YES;
				IPHONEOS_DEPLOYMENT_TARGET = 16.1;
				MTL_ENABLE_DEBUG_INFO = INCLUDE_SOURCE;
				MTL_FAST_MATH = YES;
				ONLY_ACTIVE_ARCH = YES;
				SDKROOT = iphoneos;
				SWIFT_ACTIVE_COMPILATION_CONDITIONS = DEBUG;
				SWIFT_OPTIMIZATION_LEVEL = "-Onone";
			};
			name = Debug;
		};
		33F5A0222A6A045900123EB9 /* Release */ = {
			isa = XCBuildConfiguration;
			buildSettings = {
				ALWAYS_SEARCH_USER_PATHS = NO;
				CLANG_ANALYZER_NONNULL = YES;
				CLANG_ANALYZER_NUMBER_OBJECT_CONVERSION = YES_AGGRESSIVE;
				CLANG_CXX_LANGUAGE_STANDARD = "gnu++20";
				CLANG_ENABLE_MODULES = YES;
				CLANG_ENABLE_OBJC_ARC = YES;
				CLANG_ENABLE_OBJC_WEAK = YES;
				CLANG_WARN_BLOCK_CAPTURE_AUTORELEASING = YES;
				CLANG_WARN_BOOL_CONVERSION = YES;
				CLANG_WARN_COMMA = YES;
				CLANG_WARN_CONSTANT_CONVERSION = YES;
				CLANG_WARN_DEPRECATED_OBJC_IMPLEMENTATIONS = YES;
				CLANG_WARN_DIRECT_OBJC_ISA_USAGE = YES_ERROR;
				CLANG_WARN_DOCUMENTATION_COMMENTS = YES;
				CLANG_WARN_EMPTY_BODY = YES;
				CLANG_WARN_ENUM_CONVERSION = YES;
				CLANG_WARN_INFINITE_RECURSION = YES;
				CLANG_WARN_INT_CONVERSION = YES;
				CLANG_WARN_NON_LITERAL_NULL_CONVERSION = YES;
				CLANG_WARN_OBJC_IMPLICIT_RETAIN_SELF = YES;
				CLANG_WARN_OBJC_LITERAL_CONVERSION = YES;
				CLANG_WARN_OBJC_ROOT_CLASS = YES_ERROR;
				CLANG_WARN_QUOTED_INCLUDE_IN_FRAMEWORK_HEADER = YES;
				CLANG_WARN_RANGE_LOOP_ANALYSIS = YES;
				CLANG_WARN_STRICT_PROTOTYPES = YES;
				CLANG_WARN_SUSPICIOUS_MOVE = YES;
				CLANG_WARN_UNGUARDED_AVAILABILITY = YES_AGGRESSIVE;
				CLANG_WARN_UNREACHABLE_CODE = YES;
				CLANG_WARN__DUPLICATE_METHOD_MATCH = YES;
				COPY_PHASE_STRIP = NO;
				DEBUG_INFORMATION_FORMAT = "dwarf-with-dsym";
				ENABLE_NS_ASSERTIONS = NO;
				ENABLE_STRICT_OBJC_MSGSEND = YES;
				GCC_C_LANGUAGE_STANDARD = gnu11;
				GCC_NO_COMMON_BLOCKS = YES;
				GCC_WARN_64_TO_32_BIT_CONVERSION = YES;
				GCC_WARN_ABOUT_RETURN_TYPE = YES_ERROR;
				GCC_WARN_UNDECLARED_SELECTOR = YES;
				GCC_WARN_UNINITIALIZED_AUTOS = YES_AGGRESSIVE;
				GCC_WARN_UNUSED_FUNCTION = YES;
				GCC_WARN_UNUSED_VARIABLE = YES;
				IPHONEOS_DEPLOYMENT_TARGET = 16.1;
				MTL_ENABLE_DEBUG_INFO = NO;
				MTL_FAST_MATH = YES;
				SDKROOT = iphoneos;
				SWIFT_COMPILATION_MODE = wholemodule;
				SWIFT_OPTIMIZATION_LEVEL = "-O";
				VALIDATE_PRODUCT = YES;
			};
			name = Release;
		};
		33F5A0242A6A045900123EB9 /* Debug */ = {
			isa = XCBuildConfiguration;
			buildSettings = {
				ASSETCATALOG_COMPILER_APPICON_NAME = AppIcon;
				ASSETCATALOG_COMPILER_GLOBAL_ACCENT_COLOR_NAME = AccentColor;
				CODE_SIGN_STYLE = Automatic;
				CURRENT_PROJECT_VERSION = 1;
				DEVELOPMENT_TEAM = TPFSUHXK72;
				ENABLE_PREVIEWS = YES;
				GENERATE_INFOPLIST_FILE = YES;
				INFOPLIST_KEY_UIApplicationSceneManifest_Generation = YES;
				INFOPLIST_KEY_UIApplicationSupportsIndirectInputEvents = YES;
				INFOPLIST_KEY_UILaunchScreen_Generation = YES;
				INFOPLIST_KEY_UISupportedInterfaceOrientations_iPad = "UIInterfaceOrientationPortrait UIInterfaceOrientationPortraitUpsideDown UIInterfaceOrientationLandscapeLeft UIInterfaceOrientationLandscapeRight";
				INFOPLIST_KEY_UISupportedInterfaceOrientations_iPhone = "UIInterfaceOrientationPortrait UIInterfaceOrientationLandscapeLeft UIInterfaceOrientationLandscapeRight";
				LD_RUNPATH_SEARCH_PATHS = (
					"$(inherited)",
					"@executable_path/Frameworks",
				);
				MARKETING_VERSION = 1.0;
				PRODUCT_BUNDLE_IDENTIFIER = com.bzradias.CSTV;
				PRODUCT_NAME = "$(TARGET_NAME)";
				SWIFT_EMIT_LOC_STRINGS = YES;
				SWIFT_VERSION = 5.0;
				TARGETED_DEVICE_FAMILY = "1,2";
			};
			name = Debug;
		};
		33F5A0252A6A045900123EB9 /* Release */ = {
			isa = XCBuildConfiguration;
			buildSettings = {
				ASSETCATALOG_COMPILER_APPICON_NAME = AppIcon;
				ASSETCATALOG_COMPILER_GLOBAL_ACCENT_COLOR_NAME = AccentColor;
				CODE_SIGN_STYLE = Automatic;
				CURRENT_PROJECT_VERSION = 1;
				DEVELOPMENT_TEAM = TPFSUHXK72;
				ENABLE_PREVIEWS = YES;
				GENERATE_INFOPLIST_FILE = YES;
				INFOPLIST_KEY_UIApplicationSceneManifest_Generation = YES;
				INFOPLIST_KEY_UIApplicationSupportsIndirectInputEvents = YES;
				INFOPLIST_KEY_UILaunchScreen_Generation = YES;
				INFOPLIST_KEY_UISupportedInterfaceOrientations_iPad = "UIInterfaceOrientationPortrait UIInterfaceOrientationPortraitUpsideDown UIInterfaceOrientationLandscapeLeft UIInterfaceOrientationLandscapeRight";
				INFOPLIST_KEY_UISupportedInterfaceOrientations_iPhone = "UIInterfaceOrientationPortrait UIInterfaceOrientationLandscapeLeft UIInterfaceOrientationLandscapeRight";
				LD_RUNPATH_SEARCH_PATHS = (
					"$(inherited)",
					"@executable_path/Frameworks",
				);
				MARKETING_VERSION = 1.0;
				PRODUCT_BUNDLE_IDENTIFIER = com.bzradias.CSTV;
				PRODUCT_NAME = "$(TARGET_NAME)";
				SWIFT_EMIT_LOC_STRINGS = YES;
				SWIFT_VERSION = 5.0;
				TARGETED_DEVICE_FAMILY = "1,2";
			};
			name = Release;
		};
/* End XCBuildConfiguration section */

/* Begin XCConfigurationList section */
		33F5A0102A6A045700123EB9 /* Build configuration list for PBXProject "CSTV" */ = {
			isa = XCConfigurationList;
			buildConfigurations = (
				33F5A0212A6A045900123EB9 /* Debug */,
				33F5A0222A6A045900123EB9 /* Release */,
			);
			defaultConfigurationIsVisible = 0;
			defaultConfigurationName = Release;
		};
		33F5A0232A6A045900123EB9 /* Build configuration list for PBXNativeTarget "CSTV" */ = {
			isa = XCConfigurationList;
			buildConfigurations = (
				33F5A0242A6A045900123EB9 /* Debug */,
				33F5A0252A6A045900123EB9 /* Release */,
			);
			defaultConfigurationIsVisible = 0;
			defaultConfigurationName = Release;
		};
/* End XCConfigurationList section */
	};
	rootObject = 33F5A00D2A6A045700123EB9 /* Project object */;
}
